{
    "_meta": {
        "hash": {
            "sha256": "c024d2aa87fa7bf9c4026b029d4b79ff4acf83948018a811a49c537406dcd7cd"
        },
        "pipfile-spec": 6,
        "requires": {
            "python_version": "3.11"
        },
        "sources": [
            {
                "name": "pypi",
                "url": "https://pypi.org/simple",
                "verify_ssl": true
            }
        ]
    },
    "default": {
        "pygame": {
            "hashes": [
                "sha256:13b650e925d2e8c82c16bdeae6e7fc5d6ca4ac659a1412da4ecd923ef9d688cb",
                "sha256:143550078ab10f290cd7c8715a46853e0dc598fd6cdd1561ecb4d6e3116a6b26",
                "sha256:147cc0256a5df1316590f351febf6205ef2907564fb0d902935834b91e183486",
                "sha256:1bd14adf6151b6ac2f617a8fd71621f1c125209c41a359d3c1cf4bf3904dba5f",
                "sha256:1c2cbd9d1a0a3969d6e1c6b0741279c843b4a36ef3804d324874d0a2f0e49816",
                "sha256:22d5eac9b9936c7dc2813a750bc8efd53234ad1afc32eb99d6f64bb403c2b9aa",
                "sha256:275e4fab379620c3b262cd58c457eea80001e91bc2e04d306ddb0ba548c969bf",
                "sha256:2b11708f1c7b1671db15246275adcb18cf384f5f7e73532e26999968876c5099",
                "sha256:3959038a3e2034cee3f15471786a3bac35baeaa1f7503dc7402bb49d25b5ddbc",
                "sha256:3bcb19c8ee3fc794ab3a7cb5b5fb1ad38da6866dfbba4af3699a84a828c8a4b9",
                "sha256:3ca85da605f6621c99c05f272a5dcf85bf0badcdca45f16ff2bee9a9d41ae042",
                "sha256:46cf1c9b20fb11c7d836c02dd5fc2ca843b699c0e2bc4130cf4ad2f855db5f7f",
                "sha256:4c87fa8fa1f3ea94069119accd6d4b5fbf869c2b2954a19b45162dfb3b7c885e",
                "sha256:50a89c15412506d95e98792435f49a73101788db30ad9c562f611c7aa7b437fa",
                "sha256:574e310ba708da0c34b71c4158aa7cdca3cf3e16c4100dcd1d3c931a9c6705b4",
                "sha256:583d9c8ad033ad51da8485427139d047afb649f49e42d4fa88477f73734ad4b0",
                "sha256:603d403997d46b07022097861c8b0ff76c6192f8a2f5f89f1a6a978d4411b715",
                "sha256:6830e431575697f7a11f7731798445242e37eb07ae9007f7be33083f700e9b1e",
                "sha256:6b58356510b7c38836eb81cf08983b58f280da99580d4f17e89ed0ddb707c29c",
                "sha256:7babaeac11544f3e4d7a15756a27f943dc5fff276481fdc9d90415a903ad31a9",
                "sha256:7dd80addfdf7dc1f0e04f81c98acb96580726783172256f2ebc955a967e84124",
                "sha256:7ddec0c823fd0869fe4a75ba906dcb7889db0e0c289ce8c03d4ce0a67351ab66",
                "sha256:7e1898db0fd7b868a31c29204813f447c59390350fd806904d80bebde094f3f8",
                "sha256:8062adc409f0b2742d7996b9b470494025c5e3b73d0d03e3798708dcf5d195cd",
                "sha256:80f167d8fcec7cd3107f829784ad721b1b7532c19fdf42b3aabbb51f7347850f",
                "sha256:854dc9106210d1a3a83914af53fc234c0bed65a39f5e6098a8eb489da354ad0c",
                "sha256:875dbde88b899fb7f48d6f0e87f70c3dcc8ee87a947c3df817d949a9741dbcf5",
                "sha256:8ffebcafda0add8072f82999498113be37494694fa36e02155cfaf1a0ba56fe2",
                "sha256:93128beb1154c443f05a66bfbf3f1d4eb8659157ab3b45e4a0454e5905440431",
                "sha256:969de806bed49b28972862acba652f05ece9420bbdf5f925c970c6a18a9fd1f9",
                "sha256:99965da24d0bf138d9ac6b7494b9a12781c1510cf936616d1d0c46a736777f6a",
                "sha256:9d2126f91699223f0c36845d1c7b2cdfe2f1753ef85b8410ea613e8bd212ca33",
                "sha256:b23effd50121468f1dc41022230485bff515154191a9d343224850aa3ed3b7f0",
                "sha256:b763062b1996de26a28600e7a8f138d5b36ba0ddd63c65ccbd06124cd95bab70",
                "sha256:bae93ce29b8337a5e02507603094c51740c9f496272ef070e2624e9647776568",
                "sha256:bce4116db6924b544ff8ff03f7ef681c8baf9c6e039a1ec21e26b4ebdaa0e994",
                "sha256:c116a96a2784bd1724476dbf9c48bfea466ee493a736bdfa04ecbc3f193de0bc",
                "sha256:c1cb39b660da1b56a1704ec4aa72bac538030786e23607fb25b8a66f357ffe3a",
                "sha256:c5d3b0da31ea341b86ef96d6b13c0ddcb25f5320186b7215bc870f08119d2f80",
                "sha256:c66b7abc38511c7ca08c5bb58a3bfc14fa51b4e5f85a1786777afc9e584a14dd",
                "sha256:c71d5b3ec232113cbd2e23a19eb01eef1818db41892d0d5efbac3901f940da66",
                "sha256:c80a1ad38d11102b4dfa0519aa2a26fea534503b259872609acc9adb1860884e",
                "sha256:d051420667dd9fc8103b3cf994c03e46ee90b1c4a72c174737b8c14729ddf68e",
                "sha256:d4a0787ade8723323a3ba874bb725010bb08990a77327fc85f42474f3a840447",
                "sha256:daa81057c1beb71a9fb96253457197ad03ee988ba546a166f253bd92a98a9a11",
                "sha256:df1d8affdbe9f417cc7141581e3d08e4b09f708060d3127d2016fd591b2e4f68",
                "sha256:e21d53279fb504b267ae06b565b72d9f95ecbf1f2dd8c705329b287f38295d98",
                "sha256:e34a2b5660acc298d0a66ce16f13a7ca1c56c2a685e40afef3a0cf6eaf3f44b3",
                "sha256:e47696154d689180e4eea8c1d6f2bac923986119219db6ad0d2e60ab1f525e8c",
                "sha256:e5b6a42109f922352c524565fceb22bf8f8b6e4b00d38306e6f5b4c673048f4a",
                "sha256:e9eed550b8921080a3c7524202822fc2cf7226e0ffd3c4e4d16510ba44b24e6f",
                "sha256:edd5745b79435976d92c0a7318aedcafcb7ac4567125ac6ba88aa473559ef9ab",
                "sha256:ef373b9865c740f18236f2324e17e7f2111e27c6a4a5b67c490c72a8a8b8de77",
                "sha256:ef96e9a2d8fd9526b89657d192c42dd7c551bfa381fa98ec52d45443e9713818",
                "sha256:f7b77b5019a9a6342535f53c75cef912b218cd24e98505828418f135aacc0a1b"
            ],
            "index": "pypi",
            "version": "==2.5.0"
        }
    },
    "develop": {
        "pygbag": {
            "hashes": [
                "sha256:a4f67cdf9d4124793599c1e19ac443383258ecc5627ae21d778bfa7067149bc5",
                "sha256:c78c40bc500111eb5826b8228ce606437938f7820fca907b937cd7b3255fd43a"
            ],
            "index": "pypi",
            "version": "==0.7.1"
        },
        "token-utils": {
            "hashes": [
                "sha256:7f4e2ff973822ce1e1829ba70e17d00b315a570c5be625b01a3f361933c2f86a",
                "sha256:8bdca11ae8aacab3e47dacbb21165c2d118167d2a0a59b93e61aa8af03f62481"
            ],
            "markers": "python_version >= '3.6'",
            "version": "==0.1.8"
        }
    }
}
